# This file is automatically @generated by Cargo.
# It is not intended for manual editing.
version = 4

[[package]]
name = "core-error"
version = "0.1.0"

[[package]]
name = "core-id"
version = "0.1.0"

[[package]]
name = "ffi-wasm-editor"
version = "0.1.0"
dependencies = [
 "core-error",
 "kernel-doc",
 "kernel-history",
 "kernel-layout",
 "kernel-scene",
]

[[package]]
name = "ffi-wasm-runtime"
version = "0.1.0"
dependencies = [
 "core-error",
 "kernel-runtime",
]

[[package]]
name = "kernel-doc"
version = "0.1.0"
dependencies = [
 "core-error",
 "core-id",
]

[[package]]
name = "kernel-history"
version = "0.1.0"
dependencies = [
 "core-error",
 "kernel-doc",
]

[[package]]
name = "kernel-layout"
version = "0.1.0"
dependencies = [
 "core-error",
 "kernel-scene",
]

[[package]]
name = "kernel-render"
version = "0.1.0"
dependencies = [
 "core-error",
]

[[package]]
name = "kernel-runtime"
version = "0.1.0"
dependencies = [
 "core-error",
 "kernel-doc",
]

[[package]]
name = "kernel-scene"
version = "0.1.0"
dependencies = [
 "core-error",
 "core-id",
 "kernel-doc",
]

[[package]]
name = "kernel-sync"
version = "0.1.0"
dependencies = [
 "core-error",
 "kernel-doc",
]

[[package]]
name = "kernel-text"
version = "0.1.0"
dependencies = [
 "core-error",
]

[[package]]
name = "kernel-vector"
version = "0.1.0"
dependencies = [
 "core-error",
]

[[package]]
name = "service-ai"
version = "0.1.0"
dependencies = [
 "core-error",
 "kernel-doc",
]

[[package]]
name = "service-auth"
version = "0.1.0"
dependencies = [
 "core-error",
]

[[package]]
name = "service-collab"
version = "0.1.0"
dependencies = [
 "core-error",
 "service-auth",
 "service-documents",
]

[[package]]
name = "service-control-plane"
version = "0.1.0"
dependencies = [
 "core-error",
 "service-auth",
]

[[package]]
name = "service-documents"
version = "0.1.0"
dependencies = [
 "core-error",
 "kernel-doc",
 "service-auth",
]

[[package]]
name = "service-media"
version = "0.1.0"
dependencies = [
 "core-error",
 "service-documents",
]

[[package]]
name = "service-publish"
version = "0.1.0"
dependencies = [
 "core-error",
 "service-documents",
]
